// !$*UTF8*$!
{
	archiveVersion = 1;
	classes = {
	};
	objectVersion = 54;
	objects = {

/* Begin PBXBuildFile section */
		00E356F31AD99517003FC87E /* HRMTests.m in Sources */ = {isa = PBXBuildFile; fileRef = 00E356F21AD99517003FC87E /* HRMTests.m */; };
		13B07FBC1A68108700A75B9A /* AppDelegate.m in Sources */ = {isa = PBXBuildFile; fileRef = 13B07FB01A68108700A75B9A /* AppDelegate.m */; };
		13B07FBF1A68108700A75B9A /* Images.xcassets in Resources */ = {isa = PBXBuildFile; fileRef = 13B07FB51A68108700A75B9A /* Images.xcassets */; };
		13B07FC11A68108700A75B9A /* main.m in Sources */ = {isa = PBXBuildFile; fileRef = 13B07FB71A68108700A75B9A /* main.m */; };
		81AB9BB82411601600AC10FF /* LaunchScreen.storyboard in Resources */ = {isa = PBXBuildFile; fileRef = 81AB9BB72411601600AC10FF /* LaunchScreen.storyboard */; };
		5ADE3CD3932E4D0C9D866F5D /* AntDesign.ttf in Resources */ = {isa = PBXBuildFile; fileRef = E5ADC73BC9D742E1ABBE141D /* AntDesign.ttf */; };
		216C0DCFA8A748079CE7DA2C /* Entypo.ttf in Resources */ = {isa = PBXBuildFile; fileRef = 6B9EC4E7120A4E398A55661C /* Entypo.ttf */; };
		E06D200126B2481299C97901 /* EvilIcons.ttf in Resources */ = {isa = PBXBuildFile; fileRef = F25D53FAEF044F6C92D885DF /* EvilIcons.ttf */; };
		E84FEE053AF74E9DA3936CD9 /* Feather.ttf in Resources */ = {isa = PBXBuildFile; fileRef = 0AAB62ADE847489DA1E0630B /* Feather.ttf */; };
		385C0A8A324449CE9117CCCE /* FontAwesome.ttf in Resources */ = {isa = PBXBuildFile; fileRef = 965E050996F949538C908D56 /* FontAwesome.ttf */; };
		9BA64E616DDF4C36B947D6F1 /* FontAwesome5_Brands.ttf in Resources */ = {isa = PBXBuildFile; fileRef = F965B3F944EF45BF951F6584 /* FontAwesome5_Brands.ttf */; };
		FEE15D6EE07D4168BFDC53CA /* FontAwesome5_Regular.ttf in Resources */ = {isa = PBXBuildFile; fileRef = A303A99D24794D3385835FF3 /* FontAwesome5_Regular.ttf */; };
		5F051AFA419A423D8042186E /* FontAwesome5_Solid.ttf in Resources */ = {isa = PBXBuildFile; fileRef = 3D11A83976264175B918B2EF /* FontAwesome5_Solid.ttf */; };
		8175B6524B064A5AA066E41A /* Fontisto.ttf in Resources */ = {isa = PBXBuildFile; fileRef = 6129E262A9FC4A87B673A311 /* Fontisto.ttf */; };
		E322BB43C28842748C9C9342 /* Foundation.ttf in Resources */ = {isa = PBXBuildFile; fileRef = 0B53DCE7B421446BB23373E0 /* Foundation.ttf */; };
		B93E73A043BC460BB5B7B9CA /* Ionicons.ttf in Resources */ = {isa = PBXBuildFile; fileRef = FE3446F43771467E99C35BA9 /* Ionicons.ttf */; };
		2743BAB7D90343CD9F00FE88 /* MaterialCommunityIcons.ttf in Resources */ = {isa = PBXBuildFile; fileRef = 988ADE43A0FC46858571E7C4 /* MaterialCommunityIcons.ttf */; };
		793DA9B288DA4EBFAE6C91A8 /* MaterialIcons.ttf in Resources */ = {isa = PBXBuildFile; fileRef = 508EBBD7D68844CD961FA5A6 /* MaterialIcons.ttf */; };
		239DC267DFD54356A1515B8E /* Octicons.ttf in Resources */ = {isa = PBXBuildFile; fileRef = 559402FDEAEC4B5CAF1A958D /* Octicons.ttf */; };
		3A9E0761C91747E4B93E4712 /* SimpleLineIcons.ttf in Resources */ = {isa = PBXBuildFile; fileRef = A5FA93350F3140F69952572D /* SimpleLineIcons.ttf */; };
		44B8B2D8D9BF4048BC10D611 /* Zocial.ttf in Resources */ = {isa = PBXBuildFile; fileRef = 47401B1826D443C5A7EE5729 /* Zocial.ttf */; };
		5B51C746A64B4239883F3A02 /* Montserrat-Italic-VariableFont_wght.ttf in Resources */ = {isa = PBXBuildFile; fileRef = BDA2FE1395714BA989B559F5 /* Montserrat-Italic-VariableFont_wght.ttf */; };
		0274D83CF0724292AB905606 /* Montserrat-VariableFont_wght.ttf in Resources */ = {isa = PBXBuildFile; fileRef = 8D92FB0A122E4B919CBCF2D7 /* Montserrat-VariableFont_wght.ttf */; };
		88DEF30EEDDD4500923A5021 /* Neonderthaw-Regular.ttf in Resources */ = {isa = PBXBuildFile; fileRef = 7214811E22CB4E078E9C5A14 /* Neonderthaw-Regular.ttf */; };
		FA81A6A84BAB42679707B3DB /* RubikBeastly-Regular.ttf in Resources */ = {isa = PBXBuildFile; fileRef = 83B23665CB45462ABD469F53 /* RubikBeastly-Regular.ttf */; };
		E68360DE06B2430EACD05BCF /* Audiowide-Regular.ttf in Resources */ = {isa = PBXBuildFile; fileRef = DA141580DA25419395330BA5 /* Audiowide-Regular.ttf */; };
		D073AE16036746B79980709B /* Montserrat-ExtraBold.otf in Resources */ = {isa = PBXBuildFile; fileRef = 056161E3F01943F4B4E2721E /* Montserrat-ExtraBold.otf */; };
		B053BE1B38034C7183316478 /* Montserrat-Black.ttf in Resources */ = {isa = PBXBuildFile; fileRef = 56BB226105A7413ABA7D5F47 /* Montserrat-Black.ttf */; };
		1522D74CFABF42B39B6A664C /* Montserrat-BlackItalic.ttf in Resources */ = {isa = PBXBuildFile; fileRef = F38381A586664D66B89AA682 /* Montserrat-BlackItalic.ttf */; };
		3B645D426BD144278A4F4A7F /* Montserrat-Bold.ttf in Resources */ = {isa = PBXBuildFile; fileRef = 13F09224BB3F4E44AB7D4D3F /* Montserrat-Bold.ttf */; };
		C622284193C745228628B9CE /* Montserrat-BoldItalic.ttf in Resources */ = {isa = PBXBuildFile; fileRef = 98FF4F82BD5B47CAA7126E6B /* Montserrat-BoldItalic.ttf */; };
		966FB0BCC40B456BBB76CDD2 /* Montserrat-ExtraBold.ttf in Resources */ = {isa = PBXBuildFile; fileRef = 74B44579B6884E458711A266 /* Montserrat-ExtraBold.ttf */; };
		F68484BEFB0C46F1B8136576 /* Montserrat-ExtraBoldItalic.ttf in Resources */ = {isa = PBXBuildFile; fileRef = 214ABF8CAA544D7D932E28EA /* Montserrat-ExtraBoldItalic.ttf */; };
		259DC74B8D4C4B93925BB95D /* Montserrat-ExtraLight.ttf in Resources */ = {isa = PBXBuildFile; fileRef = 5CB7746482454B5284D5EC6C /* Montserrat-ExtraLight.ttf */; };
		BDCB940814C747ABB6ACBBE6 /* Montserrat-ExtraLightItalic.ttf in Resources */ = {isa = PBXBuildFile; fileRef = 52ACCDBABB914A02BFE319D2 /* Montserrat-ExtraLightItalic.ttf */; };
		70187D1AE64B49E490C618B9 /* Montserrat-Italic.ttf in Resources */ = {isa = PBXBuildFile; fileRef = 15D43F258F464DF281C56A35 /* Montserrat-Italic.ttf */; };
		5EA6C389EC6449D5B2DC246E /* Montserrat-Light.ttf in Resources */ = {isa = PBXBuildFile; fileRef = DA68500A1D5D4F278F3E3DA0 /* Montserrat-Light.ttf */; };
		00E411235FE1424386B29FAD /* Montserrat-LightItalic.ttf in Resources */ = {isa = PBXBuildFile; fileRef = 08DB0AF65D3740719A6B85E7 /* Montserrat-LightItalic.ttf */; };
		9879666DAF5547A78E786A46 /* Montserrat-Medium.ttf in Resources */ = {isa = PBXBuildFile; fileRef = 8D8DBFE8B17A44C1ADCDA7E3 /* Montserrat-Medium.ttf */; };
		FE6C44670527474D993042C1 /* Montserrat-MediumItalic.ttf in Resources */ = {isa = PBXBuildFile; fileRef = A5EFEF8F4B13490FA3A6E0C6 /* Montserrat-MediumItalic.ttf */; };
		D3D4FEDE1883464BB69D03FC /* Montserrat-Regular.ttf in Resources */ = {isa = PBXBuildFile; fileRef = 9AB422FEA9FE48E79A8CBFB3 /* Montserrat-Regular.ttf */; };
		1EFA48AC1E6D4A8C9C699C5D /* Montserrat-SemiBold.ttf in Resources */ = {isa = PBXBuildFile; fileRef = 49F8A03E0C5A49ED845B5B25 /* Montserrat-SemiBold.ttf */; };
		87516173CDE5462CA75D3249 /* Montserrat-SemiBoldItalic.ttf in Resources */ = {isa = PBXBuildFile; fileRef = 32DCED9D7B654797A06CB083 /* Montserrat-SemiBoldItalic.ttf */; };
		C8843530B35B48E1ACBA90EB /* Montserrat-Thin.ttf in Resources */ = {isa = PBXBuildFile; fileRef = 04C9D9599CDF491C9528BCAC /* Montserrat-Thin.ttf */; };
		C9872CA350B54CA8ADBA658A /* Montserrat-ThinItalic.ttf in Resources */ = {isa = PBXBuildFile; fileRef = F09B7292F5C0465AACC8CC94 /* Montserrat-ThinItalic.ttf */; };
/* End PBXBuildFile section */

/* Begin PBXContainerItemProxy section */
		00E356F41AD99517003FC87E /* PBXContainerItemProxy */ = {
			isa = PBXContainerItemProxy;
			containerPortal = 83CBB9F71A601CBA00E9B192 /* Project object */;
			proxyType = 1;
			remoteGlobalIDString = 13B07F861A680F5B00A75B9A;
			remoteInfo = HRM;
		};
/* End PBXContainerItemProxy section */

/* Begin PBXFileReference section */
		00E356EE1AD99517003FC87E /* HRMTests.xctest */ = {isa = PBXFileReference; explicitFileType = wrapper.cfbundle; includeInIndex = 0; path = HRMTests.xctest; sourceTree = BUILT_PRODUCTS_DIR; };
		00E356F11AD99517003FC87E /* Info.plist */ = {isa = PBXFileReference; lastKnownFileType = text.plist.xml; path = Info.plist; sourceTree = "<group>"; };
		00E356F21AD99517003FC87E /* HRMTests.m */ = {isa = PBXFileReference; lastKnownFileType = sourcecode.c.objc; path = HRMTests.m; sourceTree = "<group>"; };
		13B07F961A680F5B00A75B9A /* HRM.app */ = {isa = PBXFileReference; explicitFileType = wrapper.application; includeInIndex = 0; path = HRM.app; sourceTree = BUILT_PRODUCTS_DIR; };
		13B07FAF1A68108700A75B9A /* AppDelegate.h */ = {isa = PBXFileReference; fileEncoding = 4; lastKnownFileType = sourcecode.c.h; name = AppDelegate.h; path = HRM/AppDelegate.h; sourceTree = "<group>"; };
		13B07FB01A68108700A75B9A /* AppDelegate.m */ = {isa = PBXFileReference; fileEncoding = 4; lastKnownFileType = sourcecode.c.objc; name = AppDelegate.m; path = HRM/AppDelegate.m; sourceTree = "<group>"; };
		13B07FB51A68108700A75B9A /* Images.xcassets */ = {isa = PBXFileReference; lastKnownFileType = folder.assetcatalog; name = Images.xcassets; path = HRM/Images.xcassets; sourceTree = "<group>"; };
		13B07FB61A68108700A75B9A /* Info.plist */ = {isa = PBXFileReference; fileEncoding = 4; lastKnownFileType = text.plist.xml; name = Info.plist; path = HRM/Info.plist; sourceTree = "<group>"; };
		13B07FB71A68108700A75B9A /* main.m */ = {isa = PBXFileReference; fileEncoding = 4; lastKnownFileType = sourcecode.c.objc; name = main.m; path = HRM/main.m; sourceTree = "<group>"; };
		81AB9BB72411601600AC10FF /* LaunchScreen.storyboard */ = {isa = PBXFileReference; fileEncoding = 4; lastKnownFileType = file.storyboard; name = LaunchScreen.storyboard; path = HRM/LaunchScreen.storyboard; sourceTree = "<group>"; };
		ED297162215061F000B7C4FE /* JavaScriptCore.framework */ = {isa = PBXFileReference; lastKnownFileType = wrapper.framework; name = JavaScriptCore.framework; path = System/Library/Frameworks/JavaScriptCore.framework; sourceTree = SDKROOT; };
		E5ADC73BC9D742E1ABBE141D /* AntDesign.ttf */ = {isa = PBXFileReference; name = "AntDesign.ttf"; path = "../node_modules/react-native-vector-icons/Fonts/AntDesign.ttf"; sourceTree = "<group>"; fileEncoding = undefined; lastKnownFileType = unknown; explicitFileType = undefined; includeInIndex = 0; };
		6B9EC4E7120A4E398A55661C /* Entypo.ttf */ = {isa = PBXFileReference; name = "Entypo.ttf"; path = "../node_modules/react-native-vector-icons/Fonts/Entypo.ttf"; sourceTree = "<group>"; fileEncoding = undefined; lastKnownFileType = unknown; explicitFileType = undefined; includeInIndex = 0; };
		F25D53FAEF044F6C92D885DF /* EvilIcons.ttf */ = {isa = PBXFileReference; name = "EvilIcons.ttf"; path = "../node_modules/react-native-vector-icons/Fonts/EvilIcons.ttf"; sourceTree = "<group>"; fileEncoding = undefined; lastKnownFileType = unknown; explicitFileType = undefined; includeInIndex = 0; };
		0AAB62ADE847489DA1E0630B /* Feather.ttf */ = {isa = PBXFileReference; name = "Feather.ttf"; path = "../node_modules/react-native-vector-icons/Fonts/Feather.ttf"; sourceTree = "<group>"; fileEncoding = undefined; lastKnownFileType = unknown; explicitFileType = undefined; includeInIndex = 0; };
		965E050996F949538C908D56 /* FontAwesome.ttf */ = {isa = PBXFileReference; name = "FontAwesome.ttf"; path = "../node_modules/react-native-vector-icons/Fonts/FontAwesome.ttf"; sourceTree = "<group>"; fileEncoding = undefined; lastKnownFileType = unknown; explicitFileType = undefined; includeInIndex = 0; };
		F965B3F944EF45BF951F6584 /* FontAwesome5_Brands.ttf */ = {isa = PBXFileReference; name = "FontAwesome5_Brands.ttf"; path = "../node_modules/react-native-vector-icons/Fonts/FontAwesome5_Brands.ttf"; sourceTree = "<group>"; fileEncoding = undefined; lastKnownFileType = unknown; explicitFileType = undefined; includeInIndex = 0; };
		A303A99D24794D3385835FF3 /* FontAwesome5_Regular.ttf */ = {isa = PBXFileReference; name = "FontAwesome5_Regular.ttf"; path = "../node_modules/react-native-vector-icons/Fonts/FontAwesome5_Regular.ttf"; sourceTree = "<group>"; fileEncoding = undefined; lastKnownFileType = unknown; explicitFileType = undefined; includeInIndex = 0; };
		3D11A83976264175B918B2EF /* FontAwesome5_Solid.ttf */ = {isa = PBXFileReference; name = "FontAwesome5_Solid.ttf"; path = "../node_modules/react-native-vector-icons/Fonts/FontAwesome5_Solid.ttf"; sourceTree = "<group>"; fileEncoding = undefined; lastKnownFileType = unknown; explicitFileType = undefined; includeInIndex = 0; };
		6129E262A9FC4A87B673A311 /* Fontisto.ttf */ = {isa = PBXFileReference; name = "Fontisto.ttf"; path = "../node_modules/react-native-vector-icons/Fonts/Fontisto.ttf"; sourceTree = "<group>"; fileEncoding = undefined; lastKnownFileType = unknown; explicitFileType = undefined; includeInIndex = 0; };
		0B53DCE7B421446BB23373E0 /* Foundation.ttf */ = {isa = PBXFileReference; name = "Foundation.ttf"; path = "../node_modules/react-native-vector-icons/Fonts/Foundation.ttf"; sourceTree = "<group>"; fileEncoding = undefined; lastKnownFileType = unknown; explicitFileType = undefined; includeInIndex = 0; };
		FE3446F43771467E99C35BA9 /* Ionicons.ttf */ = {isa = PBXFileReference; name = "Ionicons.ttf"; path = "../node_modules/react-native-vector-icons/Fonts/Ionicons.ttf"; sourceTree = "<group>"; fileEncoding = undefined; lastKnownFileType = unknown; explicitFileType = undefined; includeInIndex = 0; };
		988ADE43A0FC46858571E7C4 /* MaterialCommunityIcons.ttf */ = {isa = PBXFileReference; name = "MaterialCommunityIcons.ttf"; path = "../node_modules/react-native-vector-icons/Fonts/MaterialCommunityIcons.ttf"; sourceTree = "<group>"; fileEncoding = undefined; lastKnownFileType = unknown; explicitFileType = undefined; includeInIndex = 0; };
		508EBBD7D68844CD961FA5A6 /* MaterialIcons.ttf */ = {isa = PBXFileReference; name = "MaterialIcons.ttf"; path = "../node_modules/react-native-vector-icons/Fonts/MaterialIcons.ttf"; sourceTree = "<group>"; fileEncoding = undefined; lastKnownFileType = unknown; explicitFileType = undefined; includeInIndex = 0; };
		559402FDEAEC4B5CAF1A958D /* Octicons.ttf */ = {isa = PBXFileReference; name = "Octicons.ttf"; path = "../node_modules/react-native-vector-icons/Fonts/Octicons.ttf"; sourceTree = "<group>"; fileEncoding = undefined; lastKnownFileType = unknown; explicitFileType = undefined; includeInIndex = 0; };
		A5FA93350F3140F69952572D /* SimpleLineIcons.ttf */ = {isa = PBXFileReference; name = "SimpleLineIcons.ttf"; path = "../node_modules/react-native-vector-icons/Fonts/SimpleLineIcons.ttf"; sourceTree = "<group>"; fileEncoding = undefined; lastKnownFileType = unknown; explicitFileType = undefined; includeInIndex = 0; };
		47401B1826D443C5A7EE5729 /* Zocial.ttf */ = {isa = PBXFileReference; name = "Zocial.ttf"; path = "../node_modules/react-native-vector-icons/Fonts/Zocial.ttf"; sourceTree = "<group>"; fileEncoding = undefined; lastKnownFileType = unknown; explicitFileType = undefined; includeInIndex = 0; };
		BDA2FE1395714BA989B559F5 /* Montserrat-Italic-VariableFont_wght.ttf */ = {isa = PBXFileReference; name = "Montserrat-Italic-VariableFont_wght.ttf"; path = "../assets/fonts/Montserrat-Italic-VariableFont_wght.ttf"; sourceTree = "<group>"; fileEncoding = undefined; lastKnownFileType = unknown; explicitFileType = undefined; includeInIndex = 0; };
		8D92FB0A122E4B919CBCF2D7 /* Montserrat-VariableFont_wght.ttf */ = {isa = PBXFileReference; name = "Montserrat-VariableFont_wght.ttf"; path = "../assets/fonts/Montserrat-VariableFont_wght.ttf"; sourceTree = "<group>"; fileEncoding = undefined; lastKnownFileType = unknown; explicitFileType = undefined; includeInIndex = 0; };
		7214811E22CB4E078E9C5A14 /* Neonderthaw-Regular.ttf */ = {isa = PBXFileReference; name = "Neonderthaw-Regular.ttf"; path = "../assets/fonts/Neonderthaw-Regular.ttf"; sourceTree = "<group>"; fileEncoding = undefined; lastKnownFileType = unknown; explicitFileType = undefined; includeInIndex = 0; };
		83B23665CB45462ABD469F53 /* RubikBeastly-Regular.ttf */ = {isa = PBXFileReference; name = "RubikBeastly-Regular.ttf"; path = "../assets/fonts/RubikBeastly-Regular.ttf"; sourceTree = "<group>"; fileEncoding = undefined; lastKnownFileType = unknown; explicitFileType = undefined; includeInIndex = 0; };
		DA141580DA25419395330BA5 /* Audiowide-Regular.ttf */ = {isa = PBXFileReference; name = "Audiowide-Regular.ttf"; path = "../assets/fonts/Audiowide-Regular.ttf"; sourceTree = "<group>"; fileEncoding = undefined; lastKnownFileType = unknown; explicitFileType = undefined; includeInIndex = 0; };
		056161E3F01943F4B4E2721E /* Montserrat-ExtraBold.otf */ = {isa = PBXFileReference; name = "Montserrat-ExtraBold.otf"; path = "../assets/fonts/Montserrat-ExtraBold.otf"; sourceTree = "<group>"; fileEncoding = undefined; lastKnownFileType = unknown; explicitFileType = undefined; includeInIndex = 0; };
		56BB226105A7413ABA7D5F47 /* Montserrat-Black.ttf */ = {isa = PBXFileReference; name = "Montserrat-Black.ttf"; path = "../assets/fonts/Montserrat-Black.ttf"; sourceTree = "<group>"; fileEncoding = undefined; lastKnownFileType = unknown; explicitFileType = undefined; includeInIndex = 0; };
		F38381A586664D66B89AA682 /* Montserrat-BlackItalic.ttf */ = {isa = PBXFileReference; name = "Montserrat-BlackItalic.ttf"; path = "../assets/fonts/Montserrat-BlackItalic.ttf"; sourceTree = "<group>"; fileEncoding = undefined; lastKnownFileType = unknown; explicitFileType = undefined; includeInIndex = 0; };
		13F09224BB3F4E44AB7D4D3F /* Montserrat-Bold.ttf */ = {isa = PBXFileReference; name = "Montserrat-Bold.ttf"; path = "../assets/fonts/Montserrat-Bold.ttf"; sourceTree = "<group>"; fileEncoding = undefined; lastKnownFileType = unknown; explicitFileType = undefined; includeInIndex = 0; };
		98FF4F82BD5B47CAA7126E6B /* Montserrat-BoldItalic.ttf */ = {isa = PBXFileReference; name = "Montserrat-BoldItalic.ttf"; path = "../assets/fonts/Montserrat-BoldItalic.ttf"; sourceTree = "<group>"; fileEncoding = undefined; lastKnownFileType = unknown; explicitFileType = undefined; includeInIndex = 0; };
		74B44579B6884E458711A266 /* Montserrat-ExtraBold.ttf */ = {isa = PBXFileReference; name = "Montserrat-ExtraBold.ttf"; path = "../assets/fonts/Montserrat-ExtraBold.ttf"; sourceTree = "<group>"; fileEncoding = undefined; lastKnownFileType = unknown; explicitFileType = undefined; includeInIndex = 0; };
		214ABF8CAA544D7D932E28EA /* Montserrat-ExtraBoldItalic.ttf */ = {isa = PBXFileReference; name = "Montserrat-ExtraBoldItalic.ttf"; path = "../assets/fonts/Montserrat-ExtraBoldItalic.ttf"; sourceTree = "<group>"; fileEncoding = undefined; lastKnownFileType = unknown; explicitFileType = undefined; includeInIndex = 0; };
		5CB7746482454B5284D5EC6C /* Montserrat-ExtraLight.ttf */ = {isa = PBXFileReference; name = "Montserrat-ExtraLight.ttf"; path = "../assets/fonts/Montserrat-ExtraLight.ttf"; sourceTree = "<group>"; fileEncoding = undefined; lastKnownFileType = unknown; explicitFileType = undefined; includeInIndex = 0; };
		52ACCDBABB914A02BFE319D2 /* Montserrat-ExtraLightItalic.ttf */ = {isa = PBXFileReference; name = "Montserrat-ExtraLightItalic.ttf"; path = "../assets/fonts/Montserrat-ExtraLightItalic.ttf"; sourceTree = "<group>"; fileEncoding = undefined; lastKnownFileType = unknown; explicitFileType = undefined; includeInIndex = 0; };
		15D43F258F464DF281C56A35 /* Montserrat-Italic.ttf */ = {isa = PBXFileReference; name = "Montserrat-Italic.ttf"; path = "../assets/fonts/Montserrat-Italic.ttf"; sourceTree = "<group>"; fileEncoding = undefined; lastKnownFileType = unknown; explicitFileType = undefined; includeInIndex = 0; };
		DA68500A1D5D4F278F3E3DA0 /* Montserrat-Light.ttf */ = {isa = PBXFileReference; name = "Montserrat-Light.ttf"; path = "../assets/fonts/Montserrat-Light.ttf"; sourceTree = "<group>"; fileEncoding = undefined; lastKnownFileType = unknown; explicitFileType = undefined; includeInIndex = 0; };
		08DB0AF65D3740719A6B85E7 /* Montserrat-LightItalic.ttf */ = {isa = PBXFileReference; name = "Montserrat-LightItalic.ttf"; path = "../assets/fonts/Montserrat-LightItalic.ttf"; sourceTree = "<group>"; fileEncoding = undefined; lastKnownFileType = unknown; explicitFileType = undefined; includeInIndex = 0; };
		8D8DBFE8B17A44C1ADCDA7E3 /* Montserrat-Medium.ttf */ = {isa = PBXFileReference; name = "Montserrat-Medium.ttf"; path = "../assets/fonts/Montserrat-Medium.ttf"; sourceTree = "<group>"; fileEncoding = undefined; lastKnownFileType = unknown; explicitFileType = undefined; includeInIndex = 0; };
		A5EFEF8F4B13490FA3A6E0C6 /* Montserrat-MediumItalic.ttf */ = {isa = PBXFileReference; name = "Montserrat-MediumItalic.ttf"; path = "../assets/fonts/Montserrat-MediumItalic.ttf"; sourceTree = "<group>"; fileEncoding = undefined; lastKnownFileType = unknown; explicitFileType = undefined; includeInIndex = 0; };
		9AB422FEA9FE48E79A8CBFB3 /* Montserrat-Regular.ttf */ = {isa = PBXFileReference; name = "Montserrat-Regular.ttf"; path = "../assets/fonts/Montserrat-Regular.ttf"; sourceTree = "<group>"; fileEncoding = undefined; lastKnownFileType = unknown; explicitFileType = undefined; includeInIndex = 0; };
		49F8A03E0C5A49ED845B5B25 /* Montserrat-SemiBold.ttf */ = {isa = PBXFileReference; name = "Montserrat-SemiBold.ttf"; path = "../assets/fonts/Montserrat-SemiBold.ttf"; sourceTree = "<group>"; fileEncoding = undefined; lastKnownFileType = unknown; explicitFileType = undefined; includeInIndex = 0; };
		32DCED9D7B654797A06CB083 /* Montserrat-SemiBoldItalic.ttf */ = {isa = PBXFileReference; name = "Montserrat-SemiBoldItalic.ttf"; path = "../assets/fonts/Montserrat-SemiBoldItalic.ttf"; sourceTree = "<group>"; fileEncoding = undefined; lastKnownFileType = unknown; explicitFileType = undefined; includeInIndex = 0; };
		04C9D9599CDF491C9528BCAC /* Montserrat-Thin.ttf */ = {isa = PBXFileReference; name = "Montserrat-Thin.ttf"; path = "../assets/fonts/Montserrat-Thin.ttf"; sourceTree = "<group>"; fileEncoding = undefined; lastKnownFileType = unknown; explicitFileType = undefined; includeInIndex = 0; };
		F09B7292F5C0465AACC8CC94 /* Montserrat-ThinItalic.ttf */ = {isa = PBXFileReference; name = "Montserrat-ThinItalic.ttf"; path = "../assets/fonts/Montserrat-ThinItalic.ttf"; sourceTree = "<group>"; fileEncoding = undefined; lastKnownFileType = unknown; explicitFileType = undefined; includeInIndex = 0; };
/* End PBXFileReference section */

/* Begin PBXFrameworksBuildPhase section */
		00E356EB1AD99517003FC87E /* Frameworks */ = {
			isa = PBXFrameworksBuildPhase;
			buildActionMask = 2147483647;
			files = (
			);
			runOnlyForDeploymentPostprocessing = 0;
		};
		13B07F8C1A680F5B00A75B9A /* Frameworks */ = {
			isa = PBXFrameworksBuildPhase;
			buildActionMask = 2147483647;
			files = (
			);
			runOnlyForDeploymentPostprocessing = 0;
		};
/* End PBXFrameworksBuildPhase section */

/* Begin PBXGroup section */
		00E356EF1AD99517003FC87E /* HRMTests */ = {
			isa = PBXGroup;
			children = (
				00E356F21AD99517003FC87E /* HRMTests.m */,
				00E356F01AD99517003FC87E /* Supporting Files */,
			);
			path = HRMTests;
			sourceTree = "<group>";
		};
		00E356F01AD99517003FC87E /* Supporting Files */ = {
			isa = PBXGroup;
			children = (
				00E356F11AD99517003FC87E /* Info.plist */,
			);
			name = "Supporting Files";
			sourceTree = "<group>";
		};
		13B07FAE1A68108700A75B9A /* HRM */ = {
			isa = PBXGroup;
			children = (
				13B07FAF1A68108700A75B9A /* AppDelegate.h */,
				13B07FB01A68108700A75B9A /* AppDelegate.m */,
				13B07FB51A68108700A75B9A /* Images.xcassets */,
				13B07FB61A68108700A75B9A /* Info.plist */,
				81AB9BB72411601600AC10FF /* LaunchScreen.storyboard */,
				13B07FB71A68108700A75B9A /* main.m */,
			);
			name = HRM;
			sourceTree = "<group>";
		};
		2D16E6871FA4F8E400B85C8A /* Frameworks */ = {
			isa = PBXGroup;
			children = (
				ED297162215061F000B7C4FE /* JavaScriptCore.framework */,
			);
			name = Frameworks;
			sourceTree = "<group>";
		};
		832341AE1AAA6A7D00B99B32 /* Libraries */ = {
			isa = PBXGroup;
			children = (
			);
			name = Libraries;
			sourceTree = "<group>";
		};
		83CBB9F61A601CBA00E9B192 = {
			isa = PBXGroup;
			children = (
				13B07FAE1A68108700A75B9A /* HRM */,
				832341AE1AAA6A7D00B99B32 /* Libraries */,
				00E356EF1AD99517003FC87E /* HRMTests */,
				83CBBA001A601CBA00E9B192 /* Products */,
				2D16E6871FA4F8E400B85C8A /* Frameworks */,
				5BEBACE4613C4521BFFFE23A /* Resources */,
			);
			indentWidth = 2;
			sourceTree = "<group>";
			tabWidth = 2;
			usesTabs = 0;
		};
		83CBBA001A601CBA00E9B192 /* Products */ = {
			isa = PBXGroup;
			children = (
				13B07F961A680F5B00A75B9A /* HRM.app */,
				00E356EE1AD99517003FC87E /* HRMTests.xctest */,
			);
			name = Products;
			sourceTree = "<group>";
		};
		5BEBACE4613C4521BFFFE23A /* Resources */ = {
			isa = "PBXGroup";
			children = (
				E5ADC73BC9D742E1ABBE141D /* AntDesign.ttf */,
				6B9EC4E7120A4E398A55661C /* Entypo.ttf */,
				F25D53FAEF044F6C92D885DF /* EvilIcons.ttf */,
				0AAB62ADE847489DA1E0630B /* Feather.ttf */,
				965E050996F949538C908D56 /* FontAwesome.ttf */,
				F965B3F944EF45BF951F6584 /* FontAwesome5_Brands.ttf */,
				A303A99D24794D3385835FF3 /* FontAwesome5_Regular.ttf */,
				3D11A83976264175B918B2EF /* FontAwesome5_Solid.ttf */,
				6129E262A9FC4A87B673A311 /* Fontisto.ttf */,
				0B53DCE7B421446BB23373E0 /* Foundation.ttf */,
				FE3446F43771467E99C35BA9 /* Ionicons.ttf */,
				988ADE43A0FC46858571E7C4 /* MaterialCommunityIcons.ttf */,
				508EBBD7D68844CD961FA5A6 /* MaterialIcons.ttf */,
				559402FDEAEC4B5CAF1A958D /* Octicons.ttf */,
				A5FA93350F3140F69952572D /* SimpleLineIcons.ttf */,
				47401B1826D443C5A7EE5729 /* Zocial.ttf */,
				BDA2FE1395714BA989B559F5 /* Montserrat-Italic-VariableFont_wght.ttf */,
				8D92FB0A122E4B919CBCF2D7 /* Montserrat-VariableFont_wght.ttf */,
				7214811E22CB4E078E9C5A14 /* Neonderthaw-Regular.ttf */,
				83B23665CB45462ABD469F53 /* RubikBeastly-Regular.ttf */,
				DA141580DA25419395330BA5 /* Audiowide-Regular.ttf */,
				056161E3F01943F4B4E2721E /* Montserrat-ExtraBold.otf */,
				56BB226105A7413ABA7D5F47 /* Montserrat-Black.ttf */,
				F38381A586664D66B89AA682 /* Montserrat-BlackItalic.ttf */,
				13F09224BB3F4E44AB7D4D3F /* Montserrat-Bold.ttf */,
				98FF4F82BD5B47CAA7126E6B /* Montserrat-BoldItalic.ttf */,
				74B44579B6884E458711A266 /* Montserrat-ExtraBold.ttf */,
				214ABF8CAA544D7D932E28EA /* Montserrat-ExtraBoldItalic.ttf */,
				5CB7746482454B5284D5EC6C /* Montserrat-ExtraLight.ttf */,
				52ACCDBABB914A02BFE319D2 /* Montserrat-ExtraLightItalic.ttf */,
				15D43F258F464DF281C56A35 /* Montserrat-Italic.ttf */,
				DA68500A1D5D4F278F3E3DA0 /* Montserrat-Light.ttf */,
				08DB0AF65D3740719A6B85E7 /* Montserrat-LightItalic.ttf */,
				8D8DBFE8B17A44C1ADCDA7E3 /* Montserrat-Medium.ttf */,
				A5EFEF8F4B13490FA3A6E0C6 /* Montserrat-MediumItalic.ttf */,
				9AB422FEA9FE48E79A8CBFB3 /* Montserrat-Regular.ttf */,
				49F8A03E0C5A49ED845B5B25 /* Montserrat-SemiBold.ttf */,
				32DCED9D7B654797A06CB083 /* Montserrat-SemiBoldItalic.ttf */,
				04C9D9599CDF491C9528BCAC /* Montserrat-Thin.ttf */,
				F09B7292F5C0465AACC8CC94 /* Montserrat-ThinItalic.ttf */,
			);
			name = Resources;
			sourceTree = "<group>";
			path = "";
		};
/* End PBXGroup section */

/* Begin PBXNativeTarget section */
		00E356ED1AD99517003FC87E /* HRMTests */ = {
			isa = PBXNativeTarget;
			buildConfigurationList = 00E357021AD99517003FC87E /* Build configuration list for PBXNativeTarget "HRMTests" */;
			buildPhases = (
				00E356EA1AD99517003FC87E /* Sources */,
				00E356EB1AD99517003FC87E /* Frameworks */,
				00E356EC1AD99517003FC87E /* Resources */,
			);
			buildRules = (
			);
			dependencies = (
				00E356F51AD99517003FC87E /* PBXTargetDependency */,
			);
			name = HRMTests;
			productName = HRMTests;
			productReference = 00E356EE1AD99517003FC87E /* HRMTests.xctest */;
			productType = "com.apple.product-type.bundle.unit-test";
		};
		13B07F861A680F5B00A75B9A /* HRM */ = {
			isa = PBXNativeTarget;
			buildConfigurationList = 13B07F931A680F5B00A75B9A /* Build configuration list for PBXNativeTarget "HRM" */;
			buildPhases = (
				FD10A7F022414F080027D42C /* Start Packager */,
				13B07F871A680F5B00A75B9A /* Sources */,
				13B07F8C1A680F5B00A75B9A /* Frameworks */,
				13B07F8E1A680F5B00A75B9A /* Resources */,
				00DD1BFF1BD5951E006B06BC /* Bundle React Native code and images */,
			);
			buildRules = (
			);
			dependencies = (
			);
			name = HRM;
			productName = HRM;
			productReference = 13B07F961A680F5B00A75B9A /* HRM.app */;
			productType = "com.apple.product-type.application";
		};
/* End PBXNativeTarget section */

/* Begin PBXProject section */
		83CBB9F71A601CBA00E9B192 /* Project object */ = {
			isa = PBXProject;
			attributes = {
				LastUpgradeCheck = 1210;
				TargetAttributes = {
					00E356ED1AD99517003FC87E = {
						CreatedOnToolsVersion = 6.2;
						TestTargetID = 13B07F861A680F5B00A75B9A;
					};
					13B07F861A680F5B00A75B9A = {
						LastSwiftMigration = 1120;
					};
				};
			};
			buildConfigurationList = 83CBB9FA1A601CBA00E9B192 /* Build configuration list for PBXProject "HRM" */;
			compatibilityVersion = "Xcode 12.0";
			developmentRegion = en;
			hasScannedForEncodings = 0;
			knownRegions = (
				en,
				Base,
			);
			mainGroup = 83CBB9F61A601CBA00E9B192;
			productRefGroup = 83CBBA001A601CBA00E9B192 /* Products */;
			projectDirPath = "";
			projectRoot = "";
			targets = (
				13B07F861A680F5B00A75B9A /* HRM */,
				00E356ED1AD99517003FC87E /* HRMTests */,
			);
		};
/* End PBXProject section */

/* Begin PBXResourcesBuildPhase section */
		00E356EC1AD99517003FC87E /* Resources */ = {
			isa = PBXResourcesBuildPhase;
			buildActionMask = 2147483647;
			files = (
			);
			runOnlyForDeploymentPostprocessing = 0;
		};
		13B07F8E1A680F5B00A75B9A /* Resources */ = {
			isa = PBXResourcesBuildPhase;
			buildActionMask = 2147483647;
			files = (
				81AB9BB82411601600AC10FF /* LaunchScreen.storyboard in Resources */,
				13B07FBF1A68108700A75B9A /* Images.xcassets in Resources */,
				5ADE3CD3932E4D0C9D866F5D /* AntDesign.ttf in Resources */,
				216C0DCFA8A748079CE7DA2C /* Entypo.ttf in Resources */,
				E06D200126B2481299C97901 /* EvilIcons.ttf in Resources */,
				E84FEE053AF74E9DA3936CD9 /* Feather.ttf in Resources */,
				385C0A8A324449CE9117CCCE /* FontAwesome.ttf in Resources */,
				9BA64E616DDF4C36B947D6F1 /* FontAwesome5_Brands.ttf in Resources */,
				FEE15D6EE07D4168BFDC53CA /* FontAwesome5_Regular.ttf in Resources */,
				5F051AFA419A423D8042186E /* FontAwesome5_Solid.ttf in Resources */,
				8175B6524B064A5AA066E41A /* Fontisto.ttf in Resources */,
				E322BB43C28842748C9C9342 /* Foundation.ttf in Resources */,
				B93E73A043BC460BB5B7B9CA /* Ionicons.ttf in Resources */,
				2743BAB7D90343CD9F00FE88 /* MaterialCommunityIcons.ttf in Resources */,
				793DA9B288DA4EBFAE6C91A8 /* MaterialIcons.ttf in Resources */,
				239DC267DFD54356A1515B8E /* Octicons.ttf in Resources */,
				3A9E0761C91747E4B93E4712 /* SimpleLineIcons.ttf in Resources */,
				44B8B2D8D9BF4048BC10D611 /* Zocial.ttf in Resources */,
				5B51C746A64B4239883F3A02 /* Montserrat-Italic-VariableFont_wght.ttf in Resources */,
				0274D83CF0724292AB905606 /* Montserrat-VariableFont_wght.ttf in Resources */,
				88DEF30EEDDD4500923A5021 /* Neonderthaw-Regular.ttf in Resources */,
				FA81A6A84BAB42679707B3DB /* RubikBeastly-Regular.ttf in Resources */,
				E68360DE06B2430EACD05BCF /* Audiowide-Regular.ttf in Resources */,
				D073AE16036746B79980709B /* Montserrat-ExtraBold.otf in Resources */,
				B053BE1B38034C7183316478 /* Montserrat-Black.ttf in Resources */,
				1522D74CFABF42B39B6A664C /* Montserrat-BlackItalic.ttf in Resources */,
				3B645D426BD144278A4F4A7F /* Montserrat-Bold.ttf in Resources */,
				C622284193C745228628B9CE /* Montserrat-BoldItalic.ttf in Resources */,
				966FB0BCC40B456BBB76CDD2 /* Montserrat-ExtraBold.ttf in Resources */,
				F68484BEFB0C46F1B8136576 /* Montserrat-ExtraBoldItalic.ttf in Resources */,
				259DC74B8D4C4B93925BB95D /* Montserrat-ExtraLight.ttf in Resources */,
				BDCB940814C747ABB6ACBBE6 /* Montserrat-ExtraLightItalic.ttf in Resources */,
				70187D1AE64B49E490C618B9 /* Montserrat-Italic.ttf in Resources */,
				5EA6C389EC6449D5B2DC246E /* Montserrat-Light.ttf in Resources */,
				00E411235FE1424386B29FAD /* Montserrat-LightItalic.ttf in Resources */,
				9879666DAF5547A78E786A46 /* Montserrat-Medium.ttf in Resources */,
				FE6C44670527474D993042C1 /* Montserrat-MediumItalic.ttf in Resources */,
				D3D4FEDE1883464BB69D03FC /* Montserrat-Regular.ttf in Resources */,
				1EFA48AC1E6D4A8C9C699C5D /* Montserrat-SemiBold.ttf in Resources */,
				87516173CDE5462CA75D3249 /* Montserrat-SemiBoldItalic.ttf in Resources */,
				C8843530B35B48E1ACBA90EB /* Montserrat-Thin.ttf in Resources */,
				C9872CA350B54CA8ADBA658A /* Montserrat-ThinItalic.ttf in Resources */,
			);
			runOnlyForDeploymentPostprocessing = 0;
		};
/* End PBXResourcesBuildPhase section */

/* Begin PBXShellScriptBuildPhase section */
		00DD1BFF1BD5951E006B06BC /* Bundle React Native code and images */ = {
			isa = PBXShellScriptBuildPhase;
			buildActionMask = 2147483647;
			files = (
			);
			inputPaths = (
			);
			name = "Bundle React Native code and images";
			outputPaths = (
			);
			runOnlyForDeploymentPostprocessing = 0;
			shellPath = /bin/sh;
			shellScript = "set -e\n\nexport NODE_BINARY=node\n../node_modules/react-native/scripts/react-native-xcode.sh\n";
		};
		FD10A7F022414F080027D42C /* Start Packager */ = {
			isa = PBXShellScriptBuildPhase;
			buildActionMask = 2147483647;
			files = (
			);
			inputFileListPaths = (
			);
			inputPaths = (
			);
			name = "Start Packager";
			outputFileListPaths = (
			);
			outputPaths = (
			);
			runOnlyForDeploymentPostprocessing = 0;
			shellPath = /bin/sh;
			shellScript = "export RCT_METRO_PORT=\"${RCT_METRO_PORT:=8081}\"\necho \"export RCT_METRO_PORT=${RCT_METRO_PORT}\" > \"${SRCROOT}/../node_modules/react-native/scripts/.packager.env\"\nif [ -z \"${RCT_NO_LAUNCH_PACKAGER+xxx}\" ] ; then\n  if nc -w 5 -z localhost ${RCT_METRO_PORT} ; then\n    if ! curl -s \"http://localhost:${RCT_METRO_PORT}/status\" | grep -q \"packager-status:running\" ; then\n      echo \"Port ${RCT_METRO_PORT} already in use, packager is either not running or not running correctly\"\n      exit 2\n    fi\n  else\n    open \"$SRCROOT/../node_modules/react-native/scripts/launchPackager.command\" || echo \"Can't start packager automatically\"\n  fi\nfi\n";
			showEnvVarsInLog = 0;
		};
/* End PBXShellScriptBuildPhase section */

/* Begin PBXSourcesBuildPhase section */
		00E356EA1AD99517003FC87E /* Sources */ = {
			isa = PBXSourcesBuildPhase;
			buildActionMask = 2147483647;
			files = (
				00E356F31AD99517003FC87E /* HRMTests.m in Sources */,
			);
			runOnlyForDeploymentPostprocessing = 0;
		};
		13B07F871A680F5B00A75B9A /* Sources */ = {
			isa = PBXSourcesBuildPhase;
			buildActionMask = 2147483647;
			files = (
				13B07FBC1A68108700A75B9A /* AppDelegate.m in Sources */,
				13B07FC11A68108700A75B9A /* main.m in Sources */,
			);
			runOnlyForDeploymentPostprocessing = 0;
		};
/* End PBXSourcesBuildPhase section */

/* Begin PBXTargetDependency section */
		00E356F51AD99517003FC87E /* PBXTargetDependency */ = {
			isa = PBXTargetDependency;
			target = 13B07F861A680F5B00A75B9A /* HRM */;
			targetProxy = 00E356F41AD99517003FC87E /* PBXContainerItemProxy */;
		};
/* End PBXTargetDependency section */

/* Begin XCBuildConfiguration section */
		00E356F61AD99517003FC87E /* Debug */ = {
			isa = XCBuildConfiguration;
			buildSettings = {
				BUNDLE_LOADER = "$(TEST_HOST)";
				GCC_PREPROCESSOR_DEFINITIONS = (
					"DEBUG=1",
					"$(inherited)",
				);
				INFOPLIST_FILE = HRMTests/Info.plist;
				IPHONEOS_DEPLOYMENT_TARGET = 11.0;
				LD_RUNPATH_SEARCH_PATHS = (
					"$(inherited)",
					"@executable_path/Frameworks",
					"@loader_path/Frameworks",
				);
				OTHER_LDFLAGS = (
					"-ObjC",
					"-lc++",
					"$(inherited)",
				);
				PRODUCT_BUNDLE_IDENTIFIER = "org.reactjs.native.example.$(PRODUCT_NAME:rfc1034identifier)";
				PRODUCT_NAME = "$(TARGET_NAME)";
				TEST_HOST = "$(BUILT_PRODUCTS_DIR)/HRM.app/HRM";
			};
			name = Debug;
		};
		00E356F71AD99517003FC87E /* Release */ = {
			isa = XCBuildConfiguration;
			buildSettings = {
				BUNDLE_LOADER = "$(TEST_HOST)";
				COPY_PHASE_STRIP = NO;
				INFOPLIST_FILE = HRMTests/Info.plist;
				IPHONEOS_DEPLOYMENT_TARGET = 11.0;
				LD_RUNPATH_SEARCH_PATHS = (
					"$(inherited)",
					"@executable_path/Frameworks",
					"@loader_path/Frameworks",
				);
				OTHER_LDFLAGS = (
					"-ObjC",
					"-lc++",
					"$(inherited)",
				);
				PRODUCT_BUNDLE_IDENTIFIER = "org.reactjs.native.example.$(PRODUCT_NAME:rfc1034identifier)";
				PRODUCT_NAME = "$(TARGET_NAME)";
				TEST_HOST = "$(BUILT_PRODUCTS_DIR)/HRM.app/HRM";
			};
			name = Release;
		};
		13B07F941A680F5B00A75B9A /* Debug */ = {
			isa = XCBuildConfiguration;
			buildSettings = {
				ASSETCATALOG_COMPILER_APPICON_NAME = AppIcon;
				CLANG_ENABLE_MODULES = YES;
				CURRENT_PROJECT_VERSION = 1;
				ENABLE_BITCODE = NO;
				INFOPLIST_FILE = HRM/Info.plist;
				LD_RUNPATH_SEARCH_PATHS = (
					"$(inherited)",
					"@executable_path/Frameworks",
				);
				OTHER_LDFLAGS = (
					"$(inherited)",
					"-ObjC",
					"-lc++",
				);
				PRODUCT_BUNDLE_IDENTIFIER = "org.reactjs.native.example.$(PRODUCT_NAME:rfc1034identifier)";
				PRODUCT_NAME = HRM;
				SWIFT_OPTIMIZATION_LEVEL = "-Onone";
				SWIFT_VERSION = 5.0;
				VERSIONING_SYSTEM = "apple-generic";
			};
			name = Debug;
		};
		13B07F951A680F5B00A75B9A /* Release */ = {
			isa = XCBuildConfiguration;
			buildSettings = {
				ASSETCATALOG_COMPILER_APPICON_NAME = AppIcon;
				CLANG_ENABLE_MODULES = YES;
				CURRENT_PROJECT_VERSION = 1;
				INFOPLIST_FILE = HRM/Info.plist;
				LD_RUNPATH_SEARCH_PATHS = (
					"$(inherited)",
					"@executable_path/Frameworks",
				);
				OTHER_LDFLAGS = (
					"$(inherited)",
					"-ObjC",
					"-lc++",
				);
				PRODUCT_BUNDLE_IDENTIFIER = "org.reactjs.native.example.$(PRODUCT_NAME:rfc1034identifier)";
				PRODUCT_NAME = HRM;
				SWIFT_VERSION = 5.0;
				VERSIONING_SYSTEM = "apple-generic";
			};
			name = Release;
		};
		83CBBA201A601CBA00E9B192 /* Debug */ = {
			isa = XCBuildConfiguration;
			buildSettings = {
				ALWAYS_SEARCH_USER_PATHS = NO;
				CLANG_ANALYZER_LOCALIZABILITY_NONLOCALIZED = YES;
				CLANG_CXX_LANGUAGE_STANDARD = "gnu++0x";
				CLANG_CXX_LIBRARY = "libc++";
				CLANG_ENABLE_MODULES = YES;
				CLANG_ENABLE_OBJC_ARC = YES;
				CLANG_WARN_BLOCK_CAPTURE_AUTORELEASING = YES;
				CLANG_WARN_BOOL_CONVERSION = YES;
				CLANG_WARN_COMMA = YES;
				CLANG_WARN_CONSTANT_CONVERSION = YES;
				CLANG_WARN_DEPRECATED_OBJC_IMPLEMENTATIONS = YES;
				CLANG_WARN_DIRECT_OBJC_ISA_USAGE = YES_ERROR;
				CLANG_WARN_EMPTY_BODY = YES;
				CLANG_WARN_ENUM_CONVERSION = YES;
				CLANG_WARN_INFINITE_RECURSION = YES;
				CLANG_WARN_INT_CONVERSION = YES;
				CLANG_WARN_NON_LITERAL_NULL_CONVERSION = YES;
				CLANG_WARN_OBJC_IMPLICIT_RETAIN_SELF = YES;
				CLANG_WARN_OBJC_LITERAL_CONVERSION = YES;
				CLANG_WARN_OBJC_ROOT_CLASS = YES_ERROR;
				CLANG_WARN_QUOTED_INCLUDE_IN_FRAMEWORK_HEADER = YES;
				CLANG_WARN_RANGE_LOOP_ANALYSIS = YES;
				CLANG_WARN_STRICT_PROTOTYPES = YES;
				CLANG_WARN_SUSPICIOUS_MOVE = YES;
				CLANG_WARN_UNREACHABLE_CODE = YES;
				CLANG_WARN__DUPLICATE_METHOD_MATCH = YES;
				"CODE_SIGN_IDENTITY[sdk=iphoneos*]" = "iPhone Developer";
				COPY_PHASE_STRIP = NO;
				ENABLE_STRICT_OBJC_MSGSEND = YES;
				ENABLE_TESTABILITY = YES;
				GCC_C_LANGUAGE_STANDARD = gnu99;
				GCC_DYNAMIC_NO_PIC = NO;
				GCC_NO_COMMON_BLOCKS = YES;
				GCC_OPTIMIZATION_LEVEL = 0;
				GCC_PREPROCESSOR_DEFINITIONS = (
					"DEBUG=1",
					"$(inherited)",
				);
				GCC_SYMBOLS_PRIVATE_EXTERN = NO;
				GCC_WARN_64_TO_32_BIT_CONVERSION = YES;
				GCC_WARN_ABOUT_RETURN_TYPE = YES_ERROR;
				GCC_WARN_UNDECLARED_SELECTOR = YES;
				GCC_WARN_UNINITIALIZED_AUTOS = YES_AGGRESSIVE;
				GCC_WARN_UNUSED_FUNCTION = YES;
				GCC_WARN_UNUSED_VARIABLE = YES;
				IPHONEOS_DEPLOYMENT_TARGET = 11.0;
				LD_RUNPATH_SEARCH_PATHS = (
					/usr/lib/swift,
					"$(inherited)",
				);
				LIBRARY_SEARCH_PATHS = (
					"\"$(SDKROOT)/usr/lib/swift\"",
					"\"$(TOOLCHAIN_DIR)/usr/lib/swift/$(PLATFORM_NAME)\"",
					"\"$(inherited)\"",
				);
				MTL_ENABLE_DEBUG_INFO = YES;
				ONLY_ACTIVE_ARCH = YES;
				SDKROOT = iphoneos;
			};
			name = Debug;
		};
		83CBBA211A601CBA00E9B192 /* Release */ = {
			isa = XCBuildConfiguration;
			buildSettings = {
				ALWAYS_SEARCH_USER_PATHS = NO;
				CLANG_ANALYZER_LOCALIZABILITY_NONLOCALIZED = YES;
				CLANG_CXX_LANGUAGE_STANDARD = "gnu++0x";
				CLANG_CXX_LIBRARY = "libc++";
				CLANG_ENABLE_MODULES = YES;
				CLANG_ENABLE_OBJC_ARC = YES;
				CLANG_WARN_BLOCK_CAPTURE_AUTORELEASING = YES;
				CLANG_WARN_BOOL_CONVERSION = YES;
				CLANG_WARN_COMMA = YES;
				CLANG_WARN_CONSTANT_CONVERSION = YES;
				CLANG_WARN_DEPRECATED_OBJC_IMPLEMENTATIONS = YES;
				CLANG_WARN_DIRECT_OBJC_ISA_USAGE = YES_ERROR;
				CLANG_WARN_EMPTY_BODY = YES;
				CLANG_WARN_ENUM_CONVERSION = YES;
				CLANG_WARN_INFINITE_RECURSION = YES;
				CLANG_WARN_INT_CONVERSION = YES;
				CLANG_WARN_NON_LITERAL_NULL_CONVERSION = YES;
				CLANG_WARN_OBJC_IMPLICIT_RETAIN_SELF = YES;
				CLANG_WARN_OBJC_LITERAL_CONVERSION = YES;
				CLANG_WARN_OBJC_ROOT_CLASS = YES_ERROR;
				CLANG_WARN_QUOTED_INCLUDE_IN_FRAMEWORK_HEADER = YES;
				CLANG_WARN_RANGE_LOOP_ANALYSIS = YES;
				CLANG_WARN_STRICT_PROTOTYPES = YES;
				CLANG_WARN_SUSPICIOUS_MOVE = YES;
				CLANG_WARN_UNREACHABLE_CODE = YES;
				CLANG_WARN__DUPLICATE_METHOD_MATCH = YES;
				"CODE_SIGN_IDENTITY[sdk=iphoneos*]" = "iPhone Developer";
				COPY_PHASE_STRIP = YES;
				ENABLE_NS_ASSERTIONS = NO;
				ENABLE_STRICT_OBJC_MSGSEND = YES;
				GCC_C_LANGUAGE_STANDARD = gnu99;
				GCC_NO_COMMON_BLOCKS = YES;
				GCC_WARN_64_TO_32_BIT_CONVERSION = YES;
				GCC_WARN_ABOUT_RETURN_TYPE = YES_ERROR;
				GCC_WARN_UNDECLARED_SELECTOR = YES;
				GCC_WARN_UNINITIALIZED_AUTOS = YES_AGGRESSIVE;
				GCC_WARN_UNUSED_FUNCTION = YES;
				GCC_WARN_UNUSED_VARIABLE = YES;
				IPHONEOS_DEPLOYMENT_TARGET = 11.0;
				LD_RUNPATH_SEARCH_PATHS = (
					/usr/lib/swift,
					"$(inherited)",
				);
				LIBRARY_SEARCH_PATHS = (
					"\"$(SDKROOT)/usr/lib/swift\"",
					"\"$(TOOLCHAIN_DIR)/usr/lib/swift/$(PLATFORM_NAME)\"",
					"\"$(inherited)\"",
				);
				MTL_ENABLE_DEBUG_INFO = NO;
				SDKROOT = iphoneos;
				VALIDATE_PRODUCT = YES;
			};
			name = Release;
		};
/* End XCBuildConfiguration section */

/* Begin XCConfigurationList section */
		00E357021AD99517003FC87E /* Build configuration list for PBXNativeTarget "HRMTests" */ = {
			isa = XCConfigurationList;
			buildConfigurations = (
				00E356F61AD99517003FC87E /* Debug */,
				00E356F71AD99517003FC87E /* Release */,
			);
			defaultConfigurationIsVisible = 0;
			defaultConfigurationName = Release;
		};
		13B07F931A680F5B00A75B9A /* Build configuration list for PBXNativeTarget "HRM" */ = {
			isa = XCConfigurationList;
			buildConfigurations = (
				13B07F941A680F5B00A75B9A /* Debug */,
				13B07F951A680F5B00A75B9A /* Release */,
			);
			defaultConfigurationIsVisible = 0;
			defaultConfigurationName = Release;
		};
		83CBB9FA1A601CBA00E9B192 /* Build configuration list for PBXProject "HRM" */ = {
			isa = XCConfigurationList;
			buildConfigurations = (
				83CBBA201A601CBA00E9B192 /* Debug */,
				83CBBA211A601CBA00E9B192 /* Release */,
			);
			defaultConfigurationIsVisible = 0;
			defaultConfigurationName = Release;
		};
/* End XCConfigurationList section */
	};
	rootObject = 83CBB9F71A601CBA00E9B192 /* Project object */;
}
